
Microsoft Visual Studio Solution File, Format Version 12.00
# Visual Studio Version 16
VisualStudioVersion = 16.0.31205.134
MinimumVisualStudioVersion = 10.0.40219.1
Project("{FAE04EC0-301F-11D3-BF4B-00C04F79EFBC}") = "LyBussinesModel", "LyBussinesModel\LyBussinesModel.csproj", "{AF9B8F7A-BC55-4B1C-8598-1A49E3DA37B7}"
EndProject
Project("{FAE04EC0-301F-11D3-BF4B-00C04F79EFBC}") = "LyDataAcces", "LyDataAcces\LyDataAcces.csproj", "{17BDE2D7-6B1D-4124-A1EE-536AC92A7CF7}"
EndProject
Project("{FAE04EC0-301F-11D3-BF4B-00C04F79EFBC}") = "TestDataAccesConsole", "TestDataAccesConsole\TestDataAccesConsole.csproj", "{9873D35A-6AB8-4DCC-8051-905D2FCD8BCE}"
EndProject
Project("{F184B08F-C81C-45F6-A57F-5ABD9991F28F}") = "LyUserInterface", "LyUserInterface\LyUserInterface.vbproj", "{7C5A1E6D-B929-4847-832D-FCDA0D9DA5AE}"
EndProject
Project("{54435603-DBB4-11D2-8724-00A0C9A8B90C}") = "Instalacion", "Instalacion\Instalacion.vdproj", "{6CCBD09C-AD3D-4EBA-9CF5-93A9393023B4}"
EndProject
Global
	GlobalSection(SolutionConfigurationPlatforms) = preSolution
		Debug|Any CPU = Debug|Any CPU
		Release|Any CPU = Release|Any CPU
	EndGlobalSection
	GlobalSection(ProjectConfigurationPlatforms) = postSolution
		{AF9B8F7A-BC55-4B1C-8598-1A49E3DA37B7}.Debug|Any CPU.ActiveCfg = Debug|Any CPU
		{AF9B8F7A-BC55-4B1C-8598-1A49E3DA37B7}.Debug|Any CPU.Build.0 = Debug|Any CPU
		{AF9B8F7A-BC55-4B1C-8598-1A49E3DA37B7}.Release|Any CPU.ActiveCfg = Release|Any CPU
		{AF9B8F7A-BC55-4B1C-8598-1A49E3DA37B7}.Release|Any CPU.Build.0 = Release|Any CPU
		{17BDE2D7-6B1D-4124-A1EE-536AC92A7CF7}.Debug|Any CPU.ActiveCfg = Debug|Any CPU
		{17BDE2D7-6B1D-4124-A1EE-536AC92A7CF7}.Debug|Any CPU.Build.0 = Debug|Any CPU
		{17BDE2D7-6B1D-4124-A1EE-536AC92A7CF7}.Release|Any CPU.ActiveCfg = Release|Any CPU
		{17BDE2D7-6B1D-4124-A1EE-536AC92A7CF7}.Release|Any CPU.Build.0 = Release|Any CPU
		{9873D35A-6AB8-4DCC-8051-905D2FCD8BCE}.Debug|Any CPU.ActiveCfg = Debug|Any CPU
		{9873D35A-6AB8-4DCC-8051-905D2FCD8BCE}.Debug|Any CPU.Build.0 = Debug|Any CPU
		{9873D35A-6AB8-4DCC-8051-905D2FCD8BCE}.Release|Any CPU.ActiveCfg = Release|Any CPU
		{9873D35A-6AB8-4DCC-8051-905D2FCD8BCE}.Release|Any CPU.Build.0 = Release|Any CPU
		{7C5A1E6D-B929-4847-832D-FCDA0D9DA5AE}.Debug|Any CPU.ActiveCfg = Debug|Any CPU
		{7C5A1E6D-B929-4847-832D-FCDA0D9DA5AE}.Debug|Any CPU.Build.0 = Debug|Any CPU
		{7C5A1E6D-B929-4847-832D-FCDA0D9DA5AE}.Release|Any CPU.ActiveCfg = Release|Any CPU
		{7C5A1E6D-B929-4847-832D-FCDA0D9DA5AE}.Release|Any CPU.Build.0 = Release|Any CPU
		{6CCBD09C-AD3D-4EBA-9CF5-93A9393023B4}.Debug|Any CPU.ActiveCfg = Debug
		{6CCBD09C-AD3D-4EBA-9CF5-93A9393023B4}.Release|Any CPU.ActiveCfg = Release
	EndGlobalSection
	GlobalSection(SolutionProperties) = preSolution
		HideSolutionNode = FALSE
	EndGlobalSection
	GlobalSection(ExtensibilityGlobals) = postSolution
		SolutionGuid = {5765B22E-5845-4510-87F9-A9C5C275BCFE}
	EndGlobalSection
EndGlobal
